
Microsoft Visual Studio Solution File, Format Version 12.00
# Visual Studio Version 16
VisualStudioVersion = 16.0.29905.134
MinimumVisualStudioVersion = 10.0.40219.1
Project("{9A19103F-16F7-4668-BE54-9A1E7A4F7556}") = "Sender", "Sender\Sender.csproj", "{736A4164-3D6B-4135-AD31-AC10238724C0}"
EndProject
Project("{9A19103F-16F7-4668-BE54-9A1E7A4F7556}") = "RabbitMqQueue", "RabbitMqQueue\RabbitMqQueue.csproj", "{68761C0A-5A75-4654-A899-3D14907AB507}"
EndProject
Project("{FAE04EC0-301F-11D3-BF4B-00C04F79EFBC}") = "Receiver", "Receiver\Receiver.csproj", "{0B32CE65-8461-4DD9-8105-BAA816756A4D}"
EndProject
Global
	GlobalSection(SolutionConfigurationPlatforms) = preSolution
		Debug|Any CPU = Debug|Any CPU
		Release|Any CPU = Release|Any CPU
	EndGlobalSection
	GlobalSection(ProjectConfigurationPlatforms) = postSolution
		{736A4164-3D6B-4135-AD31-AC10238724C0}.Debug|Any CPU.ActiveCfg = Debug|Any CPU
		{736A4164-3D6B-4135-AD31-AC10238724C0}.Debug|Any CPU.Build.0 = Debug|Any CPU
		{736A4164-3D6B-4135-AD31-AC10238724C0}.Release|Any CPU.ActiveCfg = Release|Any CPU
		{736A4164-3D6B-4135-AD31-AC10238724C0}.Release|Any CPU.Build.0 = Release|Any CPU
		{68761C0A-5A75-4654-A899-3D14907AB507}.Debug|Any CPU.ActiveCfg = Debug|Any CPU
		{68761C0A-5A75-4654-A899-3D14907AB507}.Debug|Any CPU.Build.0 = Debug|Any CPU
		{68761C0A-5A75-4654-A899-3D14907AB507}.Release|Any CPU.ActiveCfg = Release|Any CPU
		{68761C0A-5A75-4654-A899-3D14907AB507}.Release|Any CPU.Build.0 = Release|Any CPU
		{0B32CE65-8461-4DD9-8105-BAA816756A4D}.Debug|Any CPU.ActiveCfg = Debug|Any CPU
		{0B32CE65-8461-4DD9-8105-BAA816756A4D}.Debug|Any CPU.Build.0 = Debug|Any CPU
		{0B32CE65-8461-4DD9-8105-BAA816756A4D}.Release|Any CPU.ActiveCfg = Release|Any CPU
		{0B32CE65-8461-4DD9-8105-BAA816756A4D}.Release|Any CPU.Build.0 = Release|Any CPU
	EndGlobalSection
	GlobalSection(SolutionProperties) = preSolution
		HideSolutionNode = FALSE
	EndGlobalSection
	GlobalSection(ExtensibilityGlobals) = postSolution
		SolutionGuid = {CE8A896F-170F-4746-8B6C-675C158542A7}
	EndGlobalSection
EndGlobal
