
Microsoft Visual Studio Solution File, Format Version 12.00
# Visual Studio 15
VisualStudioVersion = 15.0.28307.852
MinimumVisualStudioVersion = 10.0.40219.1
Project("{9A19103F-16F7-4668-BE54-9A1E7A4F7556}") = "AsyncAwait.Task1.CancellationTokens", "AsyncAwait.Task1.CancellationTokens\AsyncAwait.Task1.CancellationTokens.csproj", "{1107C171-D80B-4EB1-859B-663AA6691812}"
EndProject
Project("{9A19103F-16F7-4668-BE54-9A1E7A4F7556}") = "AsyncAwait.Task2.CodeReviewChallenge", "AsyncAwait.Task2.CodeReviewChallenge\AsyncAwait.Task2.CodeReviewChallenge.csproj", "{79FB116B-EA1B-4FDE-AAC9-8F51916FC639}"
EndProject
Project("{9A19103F-16F7-4668-BE54-9A1E7A4F7556}") = "CloudServices", "CloudServices\CloudServices.csproj", "{F64E694A-E083-49FE-991D-79CEEA046B1E}"
EndProject
Global
	GlobalSection(SolutionConfigurationPlatforms) = preSolution
		Debug|Any CPU = Debug|Any CPU
		Release|Any CPU = Release|Any CPU
	EndGlobalSection
	GlobalSection(ProjectConfigurationPlatforms) = postSolution
		{1107C171-D80B-4EB1-859B-663AA6691812}.Debug|Any CPU.ActiveCfg = Debug|Any CPU
		{1107C171-D80B-4EB1-859B-663AA6691812}.Debug|Any CPU.Build.0 = Debug|Any CPU
		{1107C171-D80B-4EB1-859B-663AA6691812}.Release|Any CPU.ActiveCfg = Release|Any CPU
		{1107C171-D80B-4EB1-859B-663AA6691812}.Release|Any CPU.Build.0 = Release|Any CPU
		{79FB116B-EA1B-4FDE-AAC9-8F51916FC639}.Debug|Any CPU.ActiveCfg = Debug|Any CPU
		{79FB116B-EA1B-4FDE-AAC9-8F51916FC639}.Debug|Any CPU.Build.0 = Debug|Any CPU
		{79FB116B-EA1B-4FDE-AAC9-8F51916FC639}.Release|Any CPU.ActiveCfg = Release|Any CPU
		{79FB116B-EA1B-4FDE-AAC9-8F51916FC639}.Release|Any CPU.Build.0 = Release|Any CPU
		{F64E694A-E083-49FE-991D-79CEEA046B1E}.Debug|Any CPU.ActiveCfg = Debug|Any CPU
		{F64E694A-E083-49FE-991D-79CEEA046B1E}.Debug|Any CPU.Build.0 = Debug|Any CPU
		{F64E694A-E083-49FE-991D-79CEEA046B1E}.Release|Any CPU.ActiveCfg = Release|Any CPU
		{F64E694A-E083-49FE-991D-79CEEA046B1E}.Release|Any CPU.Build.0 = Release|Any CPU
	EndGlobalSection
	GlobalSection(SolutionProperties) = preSolution
		HideSolutionNode = FALSE
	EndGlobalSection
	GlobalSection(ExtensibilityGlobals) = postSolution
		SolutionGuid = {9B1FF3E1-371D-436F-979E-697709A3A104}
	EndGlobalSection
EndGlobal
