
Microsoft Visual Studio Solution File, Format Version 12.00
# Visual Studio 15
VisualStudioVersion = 15.0.28307.852
MinimumVisualStudioVersion = 10.0.40219.1
Project("{9A19103F-16F7-4668-BE54-9A1E7A4F7556}") = "Expressions.Task3.E3SQueryProvider.Test", "Expressions.Task3.E3SQueryProvider.Test\Expressions.Task3.E3SQueryProvider.Test.csproj", "{EF141F13-6920-42EA-87CD-C510F5CE1836}"
EndProject
Project("{9A19103F-16F7-4668-BE54-9A1E7A4F7556}") = "Expressions.Task3.E3SQueryProvider", "Expressions.Task3.E3SQueryProvider\Expressions.Task3.E3SQueryProvider.csproj", "{BDDFA5E9-8D68-4FD5-B150-178A6571E119}"
EndProject
Global
	GlobalSection(SolutionConfigurationPlatforms) = preSolution
		Debug|Any CPU = Debug|Any CPU
		Release|Any CPU = Release|Any CPU
	EndGlobalSection
	GlobalSection(ProjectConfigurationPlatforms) = postSolution
		{EF141F13-6920-42EA-87CD-C510F5CE1836}.Debug|Any CPU.ActiveCfg = Debug|Any CPU
		{EF141F13-6920-42EA-87CD-C510F5CE1836}.Debug|Any CPU.Build.0 = Debug|Any CPU
		{EF141F13-6920-42EA-87CD-C510F5CE1836}.Release|Any CPU.ActiveCfg = Release|Any CPU
		{EF141F13-6920-42EA-87CD-C510F5CE1836}.Release|Any CPU.Build.0 = Release|Any CPU
		{BDDFA5E9-8D68-4FD5-B150-178A6571E119}.Debug|Any CPU.ActiveCfg = Debug|Any CPU
		{BDDFA5E9-8D68-4FD5-B150-178A6571E119}.Debug|Any CPU.Build.0 = Debug|Any CPU
		{BDDFA5E9-8D68-4FD5-B150-178A6571E119}.Release|Any CPU.ActiveCfg = Release|Any CPU
		{BDDFA5E9-8D68-4FD5-B150-178A6571E119}.Release|Any CPU.Build.0 = Release|Any CPU
	EndGlobalSection
	GlobalSection(SolutionProperties) = preSolution
		HideSolutionNode = FALSE
	EndGlobalSection
	GlobalSection(ExtensibilityGlobals) = postSolution
		SolutionGuid = {4DB4CB05-C2E4-40B1-BF18-1DF82A5C34CB}
	EndGlobalSection
EndGlobal
